
Microsoft Visual Studio Solution File, Format Version 12.00
# Visual Studio 15
VisualStudioVersion = 15.0.27703.2000
MinimumVisualStudioVersion = 10.0.40219.1
Project("{FAE04EC0-301F-11D3-BF4B-00C04F79EFBC}") = "Client", "SecuritySendMessage\Client.csproj", "{C45BE60B-317C-4B0D-AA41-D78A6CCF8CC7}"
EndProject
Project("{FAE04EC0-301F-11D3-BF4B-00C04F79EFBC}") = "Server", "Server\Server.csproj", "{2FB3209F-1CBD-43EE-92A2-72D283BD3A47}"
EndProject
Global
	GlobalSection(SolutionConfigurationPlatforms) = preSolution
		Debug|Any CPU = Debug|Any CPU
		Release|Any CPU = Release|Any CPU
	EndGlobalSection
	GlobalSection(ProjectConfigurationPlatforms) = postSolution
		{C45BE60B-317C-4B0D-AA41-D78A6CCF8CC7}.Debug|Any CPU.ActiveCfg = Debug|Any CPU
		{C45BE60B-317C-4B0D-AA41-D78A6CCF8CC7}.Debug|Any CPU.Build.0 = Debug|Any CPU
		{C45BE60B-317C-4B0D-AA41-D78A6CCF8CC7}.Release|Any CPU.ActiveCfg = Release|Any CPU
		{C45BE60B-317C-4B0D-AA41-D78A6CCF8CC7}.Release|Any CPU.Build.0 = Release|Any CPU
		{2FB3209F-1CBD-43EE-92A2-72D283BD3A47}.Debug|Any CPU.ActiveCfg = Debug|Any CPU
		{2FB3209F-1CBD-43EE-92A2-72D283BD3A47}.Debug|Any CPU.Build.0 = Debug|Any CPU
		{2FB3209F-1CBD-43EE-92A2-72D283BD3A47}.Release|Any CPU.ActiveCfg = Release|Any CPU
		{2FB3209F-1CBD-43EE-92A2-72D283BD3A47}.Release|Any CPU.Build.0 = Release|Any CPU
	EndGlobalSection
	GlobalSection(SolutionProperties) = preSolution
		HideSolutionNode = FALSE
	EndGlobalSection
	GlobalSection(ExtensibilityGlobals) = postSolution
		SolutionGuid = {26593A7C-85CE-4C12-ACAD-6BB7D98E80D4}
	EndGlobalSection
EndGlobal
